
Microsoft Visual Studio Solution File, Format Version 12.00
# Visual Studio Version 17
VisualStudioVersion = 17.8.34322.80
MinimumVisualStudioVersion = 10.0.40219.1
Project("{9A19103F-16F7-4668-BE54-9A1E7A4F7556}") = "DesafioProsegur.API", "DesafioProsegur.API\DesafioProsegur.API.csproj", "{624E627E-87A6-4A0F-8D35-15DF424700BF}"
EndProject
Project("{FAE04EC0-301F-11D3-BF4B-00C04F79EFBC}") = "DesafioProsegur.Schema", "DesafioProsegur.DTO\DesafioProsegur.Schema.csproj", "{C7FE082A-0F49-432A-8CFA-187D37261EDC}"
EndProject
Project("{FAE04EC0-301F-11D3-BF4B-00C04F79EFBC}") = "DesafioProsegur.Infrastructure", "DesafioProsegur.Infrastructure\DesafioProsegur.Infrastructure.csproj", "{A618BDA9-AF95-4B75-A4C8-4E5B9EC4FE74}"
EndProject
Global
	GlobalSection(SolutionConfigurationPlatforms) = preSolution
		Debug|Any CPU = Debug|Any CPU
		Release|Any CPU = Release|Any CPU
	EndGlobalSection
	GlobalSection(ProjectConfigurationPlatforms) = postSolution
		{624E627E-87A6-4A0F-8D35-15DF424700BF}.Debug|Any CPU.ActiveCfg = Debug|Any CPU
		{624E627E-87A6-4A0F-8D35-15DF424700BF}.Debug|Any CPU.Build.0 = Debug|Any CPU
		{624E627E-87A6-4A0F-8D35-15DF424700BF}.Release|Any CPU.ActiveCfg = Release|Any CPU
		{624E627E-87A6-4A0F-8D35-15DF424700BF}.Release|Any CPU.Build.0 = Release|Any CPU
		{C7FE082A-0F49-432A-8CFA-187D37261EDC}.Debug|Any CPU.ActiveCfg = Debug|Any CPU
		{C7FE082A-0F49-432A-8CFA-187D37261EDC}.Debug|Any CPU.Build.0 = Debug|Any CPU
		{C7FE082A-0F49-432A-8CFA-187D37261EDC}.Release|Any CPU.ActiveCfg = Release|Any CPU
		{C7FE082A-0F49-432A-8CFA-187D37261EDC}.Release|Any CPU.Build.0 = Release|Any CPU
		{A618BDA9-AF95-4B75-A4C8-4E5B9EC4FE74}.Debug|Any CPU.ActiveCfg = Debug|Any CPU
		{A618BDA9-AF95-4B75-A4C8-4E5B9EC4FE74}.Debug|Any CPU.Build.0 = Debug|Any CPU
		{A618BDA9-AF95-4B75-A4C8-4E5B9EC4FE74}.Release|Any CPU.ActiveCfg = Release|Any CPU
		{A618BDA9-AF95-4B75-A4C8-4E5B9EC4FE74}.Release|Any CPU.Build.0 = Release|Any CPU
	EndGlobalSection
	GlobalSection(SolutionProperties) = preSolution
		HideSolutionNode = FALSE
	EndGlobalSection
	GlobalSection(ExtensibilityGlobals) = postSolution
		SolutionGuid = {4BCDE949-EC1D-4B7A-B528-29E14B7CCE51}
	EndGlobalSection
EndGlobal
